// !$*UTF8*$!
{
	archiveVersion = 1;
	classes = {
	};
	objectVersion = 77;
	objects = {

/* Begin PBXBuildFile section */
		6AACE3172D4C6A2E007913B8 /* OpenspanCore in Frameworks */ = {isa = PBXBuildFile; productRef = 6AACE3162D4C6A2E007913B8 /* OpenspanCore */; };
/* End PBXBuildFile section */

/* Begin PBXContainerItemProxy section */
		6AACE2F22D4C688C007913B8 /* PBXContainerItemProxy */ = {
			isa = PBXContainerItemProxy;
			containerPortal = 6AACE2D92D4C6889007913B8 /* Project object */;
			proxyType = 1;
			remoteGlobalIDString = 6AACE2E02D4C6889007913B8;
			remoteInfo = DogBreedOS;
		};
		6AACE2FC2D4C688C007913B8 /* PBXContainerItemProxy */ = {
			isa = PBXContainerItemProxy;
			containerPortal = 6AACE2D92D4C6889007913B8 /* Project object */;
			proxyType = 1;
			remoteGlobalIDString = 6AACE2E02D4C6889007913B8;
			remoteInfo = DogBreedOS;
		};
/* End PBXContainerItemProxy section */

/* Begin PBXFileReference section */
		6AACE2E12D4C6889007913B8 /* DogBreedOS.app */ = {isa = PBXFileReference; explicitFileType = wrapper.application; includeInIndex = 0; path = DogBreedOS.app; sourceTree = BUILT_PRODUCTS_DIR; };
		6AACE2F12D4C688C007913B8 /* DogBreedOSTests.xctest */ = {isa = PBXFileReference; explicitFileType = wrapper.cfbundle; includeInIndex = 0; path = DogBreedOSTests.xctest; sourceTree = BUILT_PRODUCTS_DIR; };
		6AACE2FB2D4C688C007913B8 /* DogBreedOSUITests.xctest */ = {isa = PBXFileReference; explicitFileType = wrapper.cfbundle; includeInIndex = 0; path = DogBreedOSUITests.xctest; sourceTree = BUILT_PRODUCTS_DIR; };
/* End PBXFileReference section */

/* Begin PBXFileSystemSynchronizedBuildFileExceptionSet section */
		6A42CBE02D4C7A1F00845545 /* Exceptions for "DogBreedOS" folder in "DogBreedOS" target */ = {
			isa = PBXFileSystemSynchronizedBuildFileExceptionSet;
			membershipExceptions = (
				Config/dev.xcconfig,
				Info.plist,
			);
			target = 6AACE2E02D4C6889007913B8 /* DogBreedOS */;
		};
		6A42CC2A2D4D034A00845545 /* Exceptions for "DogBreedOS" folder in "DogBreedOSTests" target */ = {
			isa = PBXFileSystemSynchronizedBuildFileExceptionSet;
			membershipExceptions = (
				Actor/ImageFetcher.swift,
				Assets.xcassets,
				CommonUI/ErrorView.swift,
				DI/AppContainer.swift,
				DogBreedOSApp.swift,
				"Extension/View+Extension.swift",
				UI/Model/CardData.swift,
				UI/View/CacheClearButton.swift,
				UI/View/CardView.swift,
				UI/View/DeleteButton.swift,
				UI/View/DogBreedsView.swift,
				UI/View/ShimmeringView.swift,
				UI/View/WaterfallGridView.swift,
				UI/ViewModel/DogBreedsViewModel.swift,
				UI/ViewModel/WaterfallGridViewModel.swift,
			);
			target = 6AACE2F02D4C688C007913B8 /* DogBreedOSTests */;
		};
/* End PBXFileSystemSynchronizedBuildFileExceptionSet section */

/* Begin PBXFileSystemSynchronizedRootGroup section */
		6AACE2E32D4C6889007913B8 /* DogBreedOS */ = {
			isa = PBXFileSystemSynchronizedRootGroup;
			exceptions = (
				6A42CBE02D4C7A1F00845545 /* Exceptions for "DogBreedOS" folder in "DogBreedOS" target */,
				6A42CC2A2D4D034A00845545 /* Exceptions for "DogBreedOS" folder in "DogBreedOSTests" target */,
			);
			path = DogBreedOS;
			sourceTree = "<group>";
		};
		6AACE2F42D4C688C007913B8 /* DogBreedOSTests */ = {
			isa = PBXFileSystemSynchronizedRootGroup;
			path = DogBreedOSTests;
			sourceTree = "<group>";
		};
		6AACE2FE2D4C688C007913B8 /* DogBreedOSUITests */ = {
			isa = PBXFileSystemSynchronizedRootGroup;
			path = DogBreedOSUITests;
			sourceTree = "<group>";
		};
/* End PBXFileSystemSynchronizedRootGroup section */

/* Begin PBXFrameworksBuildPhase section */
		6AACE2DE2D4C6889007913B8 /* Frameworks */ = {
			isa = PBXFrameworksBuildPhase;
			buildActionMask = 2147483647;
			files = (
				6AACE3172D4C6A2E007913B8 /* OpenspanCore in Frameworks */,
			);
			runOnlyForDeploymentPostprocessing = 0;
		};
		6AACE2EE2D4C688C007913B8 /* Frameworks */ = {
			isa = PBXFrameworksBuildPhase;
			buildActionMask = 2147483647;
			files = (
			);
			runOnlyForDeploymentPostprocessing = 0;
		};
		6AACE2F82D4C688C007913B8 /* Frameworks */ = {
			isa = PBXFrameworksBuildPhase;
			buildActionMask = 2147483647;
			files = (
			);
			runOnlyForDeploymentPostprocessing = 0;
		};
/* End PBXFrameworksBuildPhase section */

/* Begin PBXGroup section */
		6AACE2D82D4C6889007913B8 = {
			isa = PBXGroup;
			children = (
				6AACE2E32D4C6889007913B8 /* DogBreedOS */,
				6AACE2F42D4C688C007913B8 /* DogBreedOSTests */,
				6AACE2FE2D4C688C007913B8 /* DogBreedOSUITests */,
				6AACE2E22D4C6889007913B8 /* Products */,
			);
			sourceTree = "<group>";
		};
		6AACE2E22D4C6889007913B8 /* Products */ = {
			isa = PBXGroup;
			children = (
				6AACE2E12D4C6889007913B8 /* DogBreedOS.app */,
				6AACE2F12D4C688C007913B8 /* DogBreedOSTests.xctest */,
				6AACE2FB2D4C688C007913B8 /* DogBreedOSUITests.xctest */,
			);
			name = Products;
			sourceTree = "<group>";
		};
/* End PBXGroup section */

/* Begin PBXNativeTarget section */
		6AACE2E02D4C6889007913B8 /* DogBreedOS */ = {
			isa = PBXNativeTarget;
			buildConfigurationList = 6AACE3052D4C688C007913B8 /* Build configuration list for PBXNativeTarget "DogBreedOS" */;
			buildPhases = (
				6AACE2DD2D4C6889007913B8 /* Sources */,
				6AACE2DE2D4C6889007913B8 /* Frameworks */,
				6AACE2DF2D4C6889007913B8 /* Resources */,
			);
			buildRules = (
			);
			dependencies = (
			);
			fileSystemSynchronizedGroups = (
				6AACE2E32D4C6889007913B8 /* DogBreedOS */,
			);
			name = DogBreedOS;
			packageProductDependencies = (
				6AACE3162D4C6A2E007913B8 /* OpenspanCore */,
			);
			productName = DogBreedOS;
			productReference = 6AACE2E12D4C6889007913B8 /* DogBreedOS.app */;
			productType = "com.apple.product-type.application";
		};
		6AACE2F02D4C688C007913B8 /* DogBreedOSTests */ = {
			isa = PBXNativeTarget;
			buildConfigurationList = 6AACE3082D4C688C007913B8 /* Build configuration list for PBXNativeTarget "DogBreedOSTests" */;
			buildPhases = (
				6AACE2ED2D4C688C007913B8 /* Sources */,
				6AACE2EE2D4C688C007913B8 /* Frameworks */,
				6AACE2EF2D4C688C007913B8 /* Resources */,
			);
			buildRules = (
			);
			dependencies = (
				6AACE2F32D4C688C007913B8 /* PBXTargetDependency */,
			);
			fileSystemSynchronizedGroups = (
				6AACE2F42D4C688C007913B8 /* DogBreedOSTests */,
			);
			name = DogBreedOSTests;
			packageProductDependencies = (
			);
			productName = DogBreedOSTests;
			productReference = 6AACE2F12D4C688C007913B8 /* DogBreedOSTests.xctest */;
			productType = "com.apple.product-type.bundle.unit-test";
		};
		6AACE2FA2D4C688C007913B8 /* DogBreedOSUITests */ = {
			isa = PBXNativeTarget;
			buildConfigurationList = 6AACE30B2D4C688C007913B8 /* Build configuration list for PBXNativeTarget "DogBreedOSUITests" */;
			buildPhases = (
				6AACE2F72D4C688C007913B8 /* Sources */,
				6AACE2F82D4C688C007913B8 /* Frameworks */,
				6AACE2F92D4C688C007913B8 /* Resources */,
			);
			buildRules = (
			);
			dependencies = (
				6AACE2FD2D4C688C007913B8 /* PBXTargetDependency */,
			);
			fileSystemSynchronizedGroups = (
				6AACE2FE2D4C688C007913B8 /* DogBreedOSUITests */,
			);
			name = DogBreedOSUITests;
			packageProductDependencies = (
			);
			productName = DogBreedOSUITests;
			productReference = 6AACE2FB2D4C688C007913B8 /* DogBreedOSUITests.xctest */;
			productType = "com.apple.product-type.bundle.ui-testing";
		};
/* End PBXNativeTarget section */

/* Begin PBXProject section */
		6AACE2D92D4C6889007913B8 /* Project object */ = {
			isa = PBXProject;
			attributes = {
				BuildIndependentTargetsInParallel = 1;
				LastSwiftUpdateCheck = 1610;
				LastUpgradeCheck = 1610;
				TargetAttributes = {
					6AACE2E02D4C6889007913B8 = {
						CreatedOnToolsVersion = 16.1;
					};
					6AACE2F02D4C688C007913B8 = {
						CreatedOnToolsVersion = 16.1;
						TestTargetID = 6AACE2E02D4C6889007913B8;
					};
					6AACE2FA2D4C688C007913B8 = {
						CreatedOnToolsVersion = 16.1;
						TestTargetID = 6AACE2E02D4C6889007913B8;
					};
				};
			};
			buildConfigurationList = 6AACE2DC2D4C6889007913B8 /* Build configuration list for PBXProject "DogBreedOS" */;
			developmentRegion = en;
			hasScannedForEncodings = 0;
			knownRegions = (
				en,
				Base,
			);
			mainGroup = 6AACE2D82D4C6889007913B8;
			minimizedProjectReferenceProxies = 1;
			packageReferences = (
				6AACE3152D4C6A2E007913B8 /* XCLocalSwiftPackageReference "../OpenspanCore" */,
			);
			preferredProjectObjectVersion = 77;
			productRefGroup = 6AACE2E22D4C6889007913B8 /* Products */;
			projectDirPath = "";
			projectRoot = "";
			targets = (
				6AACE2E02D4C6889007913B8 /* DogBreedOS */,
				6AACE2F02D4C688C007913B8 /* DogBreedOSTests */,
				6AACE2FA2D4C688C007913B8 /* DogBreedOSUITests */,
			);
		};
/* End PBXProject section */

/* Begin PBXResourcesBuildPhase section */
		6AACE2DF2D4C6889007913B8 /* Resources */ = {
			isa = PBXResourcesBuildPhase;
			buildActionMask = 2147483647;
			files = (
			);
			runOnlyForDeploymentPostprocessing = 0;
		};
		6AACE2EF2D4C688C007913B8 /* Resources */ = {
			isa = PBXResourcesBuildPhase;
			buildActionMask = 2147483647;
			files = (
			);
			runOnlyForDeploymentPostprocessing = 0;
		};
		6AACE2F92D4C688C007913B8 /* Resources */ = {
			isa = PBXResourcesBuildPhase;
			buildActionMask = 2147483647;
			files = (
			);
			runOnlyForDeploymentPostprocessing = 0;
		};
/* End PBXResourcesBuildPhase section */

/* Begin PBXSourcesBuildPhase section */
		6AACE2DD2D4C6889007913B8 /* Sources */ = {
			isa = PBXSourcesBuildPhase;
			buildActionMask = 2147483647;
			files = (
			);
			runOnlyForDeploymentPostprocessing = 0;
		};
		6AACE2ED2D4C688C007913B8 /* Sources */ = {
			isa = PBXSourcesBuildPhase;
			buildActionMask = 2147483647;
			files = (
			);
			runOnlyForDeploymentPostprocessing = 0;
		};
		6AACE2F72D4C688C007913B8 /* Sources */ = {
			isa = PBXSourcesBuildPhase;
			buildActionMask = 2147483647;
			files = (
			);
			runOnlyForDeploymentPostprocessing = 0;
		};
/* End PBXSourcesBuildPhase section */

/* Begin PBXTargetDependency section */
		6AACE2F32D4C688C007913B8 /* PBXTargetDependency */ = {
			isa = PBXTargetDependency;
			target = 6AACE2E02D4C6889007913B8 /* DogBreedOS */;
			targetProxy = 6AACE2F22D4C688C007913B8 /* PBXContainerItemProxy */;
		};
		6AACE2FD2D4C688C007913B8 /* PBXTargetDependency */ = {
			isa = PBXTargetDependency;
			target = 6AACE2E02D4C6889007913B8 /* DogBreedOS */;
			targetProxy = 6AACE2FC2D4C688C007913B8 /* PBXContainerItemProxy */;
		};
/* End PBXTargetDependency section */

/* Begin XCBuildConfiguration section */
		6AACE3032D4C688C007913B8 /* Debug */ = {
			isa = XCBuildConfiguration;
			baseConfigurationReferenceAnchor = 6AACE2E32D4C6889007913B8 /* DogBreedOS */;
			baseConfigurationReferenceRelativePath = Config/dev.xcconfig;
			buildSettings = {
				ALWAYS_SEARCH_USER_PATHS = NO;
				ASSETCATALOG_COMPILER_GENERATE_SWIFT_ASSET_SYMBOL_EXTENSIONS = YES;
				CLANG_ANALYZER_NONNULL = YES;
				CLANG_ANALYZER_NUMBER_OBJECT_CONVERSION = YES_AGGRESSIVE;
				CLANG_CXX_LANGUAGE_STANDARD = "gnu++20";
				CLANG_ENABLE_MODULES = YES;
				CLANG_ENABLE_OBJC_ARC = YES;
				CLANG_ENABLE_OBJC_WEAK = YES;
				CLANG_WARN_BLOCK_CAPTURE_AUTORELEASING = YES;
				CLANG_WARN_BOOL_CONVERSION = YES;
				CLANG_WARN_COMMA = YES;
				CLANG_WARN_CONSTANT_CONVERSION = YES;
				CLANG_WARN_DEPRECATED_OBJC_IMPLEMENTATIONS = YES;
				CLANG_WARN_DIRECT_OBJC_ISA_USAGE = YES_ERROR;
				CLANG_WARN_DOCUMENTATION_COMMENTS = YES;
				CLANG_WARN_EMPTY_BODY = YES;
				CLANG_WARN_ENUM_CONVERSION = YES;
				CLANG_WARN_INFINITE_RECURSION = YES;
				CLANG_WARN_INT_CONVERSION = YES;
				CLANG_WARN_NON_LITERAL_NULL_CONVERSION = YES;
				CLANG_WARN_OBJC_IMPLICIT_RETAIN_SELF = YES;
				CLANG_WARN_OBJC_LITERAL_CONVERSION = YES;
				CLANG_WARN_OBJC_ROOT_CLASS = YES_ERROR;
				CLANG_WARN_QUOTED_INCLUDE_IN_FRAMEWORK_HEADER = YES;
				CLANG_WARN_RANGE_LOOP_ANALYSIS = YES;
				CLANG_WARN_STRICT_PROTOTYPES = YES;
				CLANG_WARN_SUSPICIOUS_MOVE = YES;
				CLANG_WARN_UNGUARDED_AVAILABILITY = YES_AGGRESSIVE;
				CLANG_WARN_UNREACHABLE_CODE = YES;
				CLANG_WARN__DUPLICATE_METHOD_MATCH = YES;
				COPY_PHASE_STRIP = NO;
				DEBUG_INFORMATION_FORMAT = dwarf;
				ENABLE_STRICT_OBJC_MSGSEND = YES;
				ENABLE_TESTABILITY = YES;
				ENABLE_USER_SCRIPT_SANDBOXING = YES;
				GCC_C_LANGUAGE_STANDARD = gnu17;
				GCC_DYNAMIC_NO_PIC = NO;
				GCC_NO_COMMON_BLOCKS = YES;
				GCC_OPTIMIZATION_LEVEL = 0;
				GCC_PREPROCESSOR_DEFINITIONS = (
					"DEBUG=1",
					"$(inherited)",
				);
				GCC_WARN_64_TO_32_BIT_CONVERSION = YES;
				GCC_WARN_ABOUT_RETURN_TYPE = YES_ERROR;
				GCC_WARN_UNDECLARED_SELECTOR = YES;
				GCC_WARN_UNINITIALIZED_AUTOS = YES_AGGRESSIVE;
				GCC_WARN_UNUSED_FUNCTION = YES;
				GCC_WARN_UNUSED_VARIABLE = YES;
				INFOPLIST_FILE = Info.plist;
				IPHONEOS_DEPLOYMENT_TARGET = 18.1;
				LOCALIZATION_PREFERS_STRING_CATALOGS = YES;
				MTL_ENABLE_DEBUG_INFO = INCLUDE_SOURCE;
				MTL_FAST_MATH = YES;
				ONLY_ACTIVE_ARCH = YES;
				SDKROOT = iphoneos;
				SWIFT_ACTIVE_COMPILATION_CONDITIONS = "DEBUG $(inherited)";
				SWIFT_OPTIMIZATION_LEVEL = "-Onone";
			};
			name = Debug;
		};
		6AACE3042D4C688C007913B8 /* Release */ = {
			isa = XCBuildConfiguration;
			baseConfigurationReferenceAnchor = 6AACE2E32D4C6889007913B8 /* DogBreedOS */;
			baseConfigurationReferenceRelativePath = Config/dev.xcconfig;
			buildSettings = {
				ALWAYS_SEARCH_USER_PATHS = NO;
				ASSETCATALOG_COMPILER_GENERATE_SWIFT_ASSET_SYMBOL_EXTENSIONS = YES;
				CLANG_ANALYZER_NONNULL = YES;
				CLANG_ANALYZER_NUMBER_OBJECT_CONVERSION = YES_AGGRESSIVE;
				CLANG_CXX_LANGUAGE_STANDARD = "gnu++20";
				CLANG_ENABLE_MODULES = YES;
				CLANG_ENABLE_OBJC_ARC = YES;
				CLANG_ENABLE_OBJC_WEAK = YES;
				CLANG_WARN_BLOCK_CAPTURE_AUTORELEASING = YES;
				CLANG_WARN_BOOL_CONVERSION = YES;
				CLANG_WARN_COMMA = YES;
				CLANG_WARN_CONSTANT_CONVERSION = YES;
				CLANG_WARN_DEPRECATED_OBJC_IMPLEMENTATIONS = YES;
				CLANG_WARN_DIRECT_OBJC_ISA_USAGE = YES_ERROR;
				CLANG_WARN_DOCUMENTATION_COMMENTS = YES;
				CLANG_WARN_EMPTY_BODY = YES;
				CLANG_WARN_ENUM_CONVERSION = YES;
				CLANG_WARN_INFINITE_RECURSION = YES;
				CLANG_WARN_INT_CONVERSION = YES;
				CLANG_WARN_NON_LITERAL_NULL_CONVERSION = YES;
				CLANG_WARN_OBJC_IMPLICIT_RETAIN_SELF = YES;
				CLANG_WARN_OBJC_LITERAL_CONVERSION = YES;
				CLANG_WARN_OBJC_ROOT_CLASS = YES_ERROR;
				CLANG_WARN_QUOTED_INCLUDE_IN_FRAMEWORK_HEADER = YES;
				CLANG_WARN_RANGE_LOOP_ANALYSIS = YES;
				CLANG_WARN_STRICT_PROTOTYPES = YES;
				CLANG_WARN_SUSPICIOUS_MOVE = YES;
				CLANG_WARN_UNGUARDED_AVAILABILITY = YES_AGGRESSIVE;
				CLANG_WARN_UNREACHABLE_CODE = YES;
				CLANG_WARN__DUPLICATE_METHOD_MATCH = YES;
				COPY_PHASE_STRIP = NO;
				DEBUG_INFORMATION_FORMAT = "dwarf-with-dsym";
				ENABLE_NS_ASSERTIONS = NO;
				ENABLE_STRICT_OBJC_MSGSEND = YES;
				ENABLE_USER_SCRIPT_SANDBOXING = YES;
				GCC_C_LANGUAGE_STANDARD = gnu17;
				GCC_NO_COMMON_BLOCKS = YES;
				GCC_WARN_64_TO_32_BIT_CONVERSION = YES;
				GCC_WARN_ABOUT_RETURN_TYPE = YES_ERROR;
				GCC_WARN_UNDECLARED_SELECTOR = YES;
				GCC_WARN_UNINITIALIZED_AUTOS = YES_AGGRESSIVE;
				GCC_WARN_UNUSED_FUNCTION = YES;
				GCC_WARN_UNUSED_VARIABLE = YES;
				INFOPLIST_FILE = Info.plist;
				IPHONEOS_DEPLOYMENT_TARGET = 18.1;
				LOCALIZATION_PREFERS_STRING_CATALOGS = YES;
				MTL_ENABLE_DEBUG_INFO = NO;
				MTL_FAST_MATH = YES;
				SDKROOT = iphoneos;
				SWIFT_COMPILATION_MODE = wholemodule;
				VALIDATE_PRODUCT = YES;
			};
			name = Release;
		};
		6AACE3062D4C688C007913B8 /* Debug */ = {
			isa = XCBuildConfiguration;
			baseConfigurationReferenceAnchor = 6AACE2E32D4C6889007913B8 /* DogBreedOS */;
			baseConfigurationReferenceRelativePath = Config/dev.xcconfig;
			buildSettings = {
				ASSETCATALOG_COMPILER_APPICON_NAME = AppIcon;
				ASSETCATALOG_COMPILER_GLOBAL_ACCENT_COLOR_NAME = AccentColor;
				CODE_SIGN_STYLE = Automatic;
				CURRENT_PROJECT_VERSION = 1;
				DEVELOPMENT_ASSET_PATHS = "\"DogBreedOS/Preview Content\"";
				DEVELOPMENT_TEAM = 267PCB3VPV;
				ENABLE_PREVIEWS = YES;
				GENERATE_INFOPLIST_FILE = YES;
				INFOPLIST_FILE = DogBreedOS/Info.plist;
				INFOPLIST_KEY_UIApplicationSceneManifest_Generation = YES;
				INFOPLIST_KEY_UIApplicationSupportsIndirectInputEvents = YES;
				INFOPLIST_KEY_UILaunchScreen_Generation = YES;
				INFOPLIST_KEY_UISupportedInterfaceOrientations = UIInterfaceOrientationPortrait;
				LD_RUNPATH_SEARCH_PATHS = (
					"$(inherited)",
					"@executable_path/Frameworks",
				);
				MARKETING_VERSION = 1.0;
				PRODUCT_BUNDLE_IDENTIFIER = com.sanjay.DogBreedOS;
				PRODUCT_NAME = "$(TARGET_NAME)";
				SUPPORTED_PLATFORMS = "iphoneos iphonesimulator";
				SUPPORTS_MACCATALYST = NO;
				SUPPORTS_MAC_DESIGNED_FOR_IPHONE_IPAD = NO;
				SUPPORTS_XR_DESIGNED_FOR_IPHONE_IPAD = NO;
				SWIFT_EMIT_LOC_STRINGS = YES;
				SWIFT_VERSION = 5.0;
				TARGETED_DEVICE_FAMILY = 1;
			};
			name = Debug;
		};
		6AACE3072D4C688C007913B8 /* Release */ = {
			isa = XCBuildConfiguration;
			baseConfigurationReferenceAnchor = 6AACE2E32D4C6889007913B8 /* DogBreedOS */;
			baseConfigurationReferenceRelativePath = Config/dev.xcconfig;
			buildSettings = {
				ASSETCATALOG_COMPILER_APPICON_NAME = AppIcon;
				ASSETCATALOG_COMPILER_GLOBAL_ACCENT_COLOR_NAME = AccentColor;
				CODE_SIGN_STYLE = Automatic;
				CURRENT_PROJECT_VERSION = 1;
				DEVELOPMENT_ASSET_PATHS = "\"DogBreedOS/Preview Content\"";
				DEVELOPMENT_TEAM = 267PCB3VPV;
				ENABLE_PREVIEWS = YES;
				GENERATE_INFOPLIST_FILE = YES;
				INFOPLIST_FILE = DogBreedOS/Info.plist;
				INFOPLIST_KEY_UIApplicationSceneManifest_Generation = YES;
				INFOPLIST_KEY_UIApplicationSupportsIndirectInputEvents = YES;
				INFOPLIST_KEY_UILaunchScreen_Generation = YES;
				INFOPLIST_KEY_UISupportedInterfaceOrientations = UIInterfaceOrientationPortrait;
				LD_RUNPATH_SEARCH_PATHS = (
					"$(inherited)",
					"@executable_path/Frameworks",
				);
				MARKETING_VERSION = 1.0;
				PRODUCT_BUNDLE_IDENTIFIER = com.sanjay.DogBreedOS;
				PRODUCT_NAME = "$(TARGET_NAME)";
				SUPPORTED_PLATFORMS = "iphoneos iphonesimulator";
				SUPPORTS_MACCATALYST = NO;
				SUPPORTS_MAC_DESIGNED_FOR_IPHONE_IPAD = NO;
				SUPPORTS_XR_DESIGNED_FOR_IPHONE_IPAD = NO;
				SWIFT_EMIT_LOC_STRINGS = YES;
				SWIFT_VERSION = 5.0;
				TARGETED_DEVICE_FAMILY = 1;
			};
			name = Release;
		};
		6AACE3092D4C688C007913B8 /* Debug */ = {
			isa = XCBuildConfiguration;
			buildSettings = {
				BUNDLE_LOADER = "$(TEST_HOST)";
				CODE_SIGN_STYLE = Automatic;
				CURRENT_PROJECT_VERSION = 1;
				DEVELOPMENT_TEAM = 267PCB3VPV;
				GENERATE_INFOPLIST_FILE = YES;
				IPHONEOS_DEPLOYMENT_TARGET = 18.1;
				MARKETING_VERSION = 1.0;
				PRODUCT_BUNDLE_IDENTIFIER = com.sanjay.DogBreedOSTests;
				PRODUCT_NAME = "$(TARGET_NAME)";
				SWIFT_EMIT_LOC_STRINGS = NO;
				SWIFT_VERSION = 5.0;
				TARGETED_DEVICE_FAMILY = "1,2";
				TEST_HOST = "$(BUILT_PRODUCTS_DIR)/DogBreedOS.app/$(BUNDLE_EXECUTABLE_FOLDER_PATH)/DogBreedOS";
			};
			name = Debug;
		};
		6AACE30A2D4C688C007913B8 /* Release */ = {
			isa = XCBuildConfiguration;
			buildSettings = {
				BUNDLE_LOADER = "$(TEST_HOST)";
				CODE_SIGN_STYLE = Automatic;
				CURRENT_PROJECT_VERSION = 1;
				DEVELOPMENT_TEAM = 267PCB3VPV;
				GENERATE_INFOPLIST_FILE = YES;
				IPHONEOS_DEPLOYMENT_TARGET = 18.1;
				MARKETING_VERSION = 1.0;
				PRODUCT_BUNDLE_IDENTIFIER = com.sanjay.DogBreedOSTests;
				PRODUCT_NAME = "$(TARGET_NAME)";
				SWIFT_EMIT_LOC_STRINGS = NO;
				SWIFT_VERSION = 5.0;
				TARGETED_DEVICE_FAMILY = "1,2";
				TEST_HOST = "$(BUILT_PRODUCTS_DIR)/DogBreedOS.app/$(BUNDLE_EXECUTABLE_FOLDER_PATH)/DogBreedOS";
			};
			name = Release;
		};
		6AACE30C2D4C688C007913B8 /* Debug */ = {
			isa = XCBuildConfiguration;
			buildSettings = {
				CODE_SIGN_STYLE = Automatic;
				CURRENT_PROJECT_VERSION = 1;
				DEVELOPMENT_TEAM = 267PCB3VPV;
				GENERATE_INFOPLIST_FILE = YES;
				MARKETING_VERSION = 1.0;
				PRODUCT_BUNDLE_IDENTIFIER = com.sanjay.DogBreedOSUITests;
				PRODUCT_NAME = "$(TARGET_NAME)";
				SWIFT_EMIT_LOC_STRINGS = NO;
				SWIFT_VERSION = 5.0;
				TARGETED_DEVICE_FAMILY = "1,2";
				TEST_TARGET_NAME = DogBreedOS;
			};
			name = Debug;
		};
		6AACE30D2D4C688C007913B8 /* Release */ = {
			isa = XCBuildConfiguration;
			buildSettings = {
				CODE_SIGN_STYLE = Automatic;
				CURRENT_PROJECT_VERSION = 1;
				DEVELOPMENT_TEAM = 267PCB3VPV;
				GENERATE_INFOPLIST_FILE = YES;
				MARKETING_VERSION = 1.0;
				PRODUCT_BUNDLE_IDENTIFIER = com.sanjay.DogBreedOSUITests;
				PRODUCT_NAME = "$(TARGET_NAME)";
				SWIFT_EMIT_LOC_STRINGS = NO;
				SWIFT_VERSION = 5.0;
				TARGETED_DEVICE_FAMILY = "1,2";
				TEST_TARGET_NAME = DogBreedOS;
			};
			name = Release;
		};
/* End XCBuildConfiguration section */

/* Begin XCConfigurationList section */
		6AACE2DC2D4C6889007913B8 /* Build configuration list for PBXProject "DogBreedOS" */ = {
			isa = XCConfigurationList;
			buildConfigurations = (
				6AACE3032D4C688C007913B8 /* Debug */,
				6AACE3042D4C688C007913B8 /* Release */,
			);
			defaultConfigurationIsVisible = 0;
			defaultConfigurationName = Release;
		};
		6AACE3052D4C688C007913B8 /* Build configuration list for PBXNativeTarget "DogBreedOS" */ = {
			isa = XCConfigurationList;
			buildConfigurations = (
				6AACE3062D4C688C007913B8 /* Debug */,
				6AACE3072D4C688C007913B8 /* Release */,
			);
			defaultConfigurationIsVisible = 0;
			defaultConfigurationName = Release;
		};
		6AACE3082D4C688C007913B8 /* Build configuration list for PBXNativeTarget "DogBreedOSTests" */ = {
			isa = XCConfigurationList;
			buildConfigurations = (
				6AACE3092D4C688C007913B8 /* Debug */,
				6AACE30A2D4C688C007913B8 /* Release */,
			);
			defaultConfigurationIsVisible = 0;
			defaultConfigurationName = Release;
		};
		6AACE30B2D4C688C007913B8 /* Build configuration list for PBXNativeTarget "DogBreedOSUITests" */ = {
			isa = XCConfigurationList;
			buildConfigurations = (
				6AACE30C2D4C688C007913B8 /* Debug */,
				6AACE30D2D4C688C007913B8 /* Release */,
			);
			defaultConfigurationIsVisible = 0;
			defaultConfigurationName = Release;
		};
/* End XCConfigurationList section */

/* Begin XCLocalSwiftPackageReference section */
		6AACE3152D4C6A2E007913B8 /* XCLocalSwiftPackageReference "../OpenspanCore" */ = {
			isa = XCLocalSwiftPackageReference;
			relativePath = ../OpenspanCore;
		};
/* End XCLocalSwiftPackageReference section */

/* Begin XCSwiftPackageProductDependency section */
		6AACE3162D4C6A2E007913B8 /* OpenspanCore */ = {
			isa = XCSwiftPackageProductDependency;
			productName = OpenspanCore;
		};
/* End XCSwiftPackageProductDependency section */
	};
	rootObject = 6AACE2D92D4C6889007913B8 /* Project object */;
}
